
Microsoft Visual Studio Solution File, Format Version 12.00
# Visual Studio Version 16
VisualStudioVersion = 16.0.33927.289
MinimumVisualStudioVersion = 10.0.40219.1
Project("{2150E333-8FDC-42A3-9474-1A3956D46DE8}") = "Task0", "Task0", "{4F80153B-BAAD-4259-90CC-884D2F002217}"
EndProject
Project("{FAE04EC0-301F-11D3-BF4B-00C04F79EFBC}") = "Tyuiu.ZuborevDA.Sprint0.Task0.V0", "Tyuiu.ZuborevDA.Sprint0.Task0.V0\Tyuiu.ZuborevDA.Sprint0.Task0.V0.csproj", "{A18F5795-900D-4594-99D6-B44894D2EE7B}"
EndProject
Project("{2150E333-8FDC-42A3-9474-1A3956D46DE8}") = "Task1", "Task1", "{789CF79F-2164-4E41-A81B-9B39BDB7E56E}"
EndProject
Project("{FAE04EC0-301F-11D3-BF4B-00C04F79EFBC}") = "Tyuiu.ZuborevDA.Sprint0.Task1.V0", "Tyuiu.ZuborevDA.Sprint0.Task1.V0\Tyuiu.ZuborevDA.Sprint0.Task1.V0.csproj", "{1D867D6C-A4DF-4B03-B9A7-88D8677C68C9}"
EndProject
Project("{2150E333-8FDC-42A3-9474-1A3956D46DE8}") = "Task2", "Task2", "{8E7ACDD5-552B-48B3-8029-CEE6A27148A9}"
EndProject
Project("{FAE04EC0-301F-11D3-BF4B-00C04F79EFBC}") = "Tyuiu.ZuborevDA.Sprint0.Task2.V0", "Tyuiu.ZuborevDA.Sprint0.Task2.V0\Tyuiu.ZuborevDA.Sprint0.Task2.V0.csproj", "{83125638-F6A9-478B-ABA0-CFEDD8AEABE5}"
EndProject
Project("{FAE04EC0-301F-11D3-BF4B-00C04F79EFBC}") = "Tyuiu.ZuborevDA.Sprint0.Task2.V0.Lib", "Tyuiu.ZuborevDA.Sprint0.Task2.V0.Lib\Tyuiu.ZuborevDA.Sprint0.Task2.V0.Lib.csproj", "{D8B3F9A5-E5D2-4E38-8B7C-F42832D9489D}"
EndProject
Project("{FAE04EC0-301F-11D3-BF4B-00C04F79EFBC}") = "Tyuiu.ZuborevDA.Sprint0.Task2.V0.Test", "Tyuiu.ZuborevDA.Sprint0.Task2.V0.Test\Tyuiu.ZuborevDA.Sprint0.Task2.V0.Test.csproj", "{4261F825-CE70-4EE3-8179-1DFBCA14EAF2}"
EndProject
Project("{2150E333-8FDC-42A3-9474-1A3956D46DE8}") = "Task3", "Task3", "{A97BDC3D-6921-4A7E-8305-0025AE2B1665}"
EndProject
Project("{FAE04EC0-301F-11D3-BF4B-00C04F79EFBC}") = "Tyuiu.ZuborevDA.Sprint0.Task3.V0", "Tyuiu.ZuborevDA.Sprint0.Task3.V0\Tyuiu.ZuborevDA.Sprint0.Task3.V0.csproj", "{1F9526E7-4548-42DE-875F-64E201DD383A}"
EndProject
Project("{FAE04EC0-301F-11D3-BF4B-00C04F79EFBC}") = "Tyuiu.ZuborevDA.Sprint0.Task3.V0.Test", "Tyuiu.ZuborevDA.Sprint0.Task3.V0.Test\Tyuiu.ZuborevDA.Sprint0.Task3.V0.Test.csproj", "{80D170B3-4423-4390-BE49-83F0AD007C6F}"
EndProject
Project("{FAE04EC0-301F-11D3-BF4B-00C04F79EFBC}") = "Tyuiu.ZuborevDA.Sprint0.Task3.V0.Lib", "Tyuiu.ZuborevDA.Sprint0.Task3.V0.Lib\Tyuiu.ZuborevDA.Sprint0.Task3.V0.Lib.csproj", "{57282C79-FC56-4383-86E5-9D7AA337E95D}"
EndProject
Project("{2150E333-8FDC-42A3-9474-1A3956D46DE8}") = "Task4", "Task4", "{3B0AFD3D-FE6B-42AF-9925-85917F975BED}"
EndProject
Project("{FAE04EC0-301F-11D3-BF4B-00C04F79EFBC}") = "Tyuiu.ZuborevDA.Sprint0.Task4.V0", "Tyuiu.ZuborevDA.Sprint0.Task4.V0\Tyuiu.ZuborevDA.Sprint0.Task4.V0.csproj", "{C24802C2-BF0A-4676-A37C-6F235C940E17}"
EndProject
Project("{FAE04EC0-301F-11D3-BF4B-00C04F79EFBC}") = "Tyuiu.ZuborevDA.Sprint0.Task4.V0.Test", "Tyuiu.ZuborevDA.Sprint0.Task4.V0.Test\Tyuiu.ZuborevDA.Sprint0.Task4.V0.Test.csproj", "{DA02B94F-D259-4C70-8F7D-145A58285A78}"
EndProject
Project("{FAE04EC0-301F-11D3-BF4B-00C04F79EFBC}") = "Tyuiu.ZuborevDA.Sprint0.Task4.V0.Lib", "Tyuiu.ZuborevDA.Sprint0.Task4.V0.Lib\Tyuiu.ZuborevDA.Sprint0.Task4.V0.Lib.csproj", "{BAC7DCB6-A445-4392-932B-5F30187F87F1}"
EndProject
Project("{2150E333-8FDC-42A3-9474-1A3956D46DE8}") = "Task5", "Task5", "{A958C53F-C4A0-4240-94F4-A7BAF3A780C2}"
EndProject
Project("{FAE04EC0-301F-11D3-BF4B-00C04F79EFBC}") = "Tyuiu.ZuborevDA.Sprint0.Task5.V0", "Tyuiu.ZuborevDA.Sprint0.Task5.V0\Tyuiu.ZuborevDA.Sprint0.Task5.V0.csproj", "{0009547D-8102-4AA6-9BE7-B629AF737F23}"
EndProject
Project("{FAE04EC0-301F-11D3-BF4B-00C04F79EFBC}") = "Tyuiu.ZuborevDA.Sprint0.Task5.V0.Lib", "Tyuiu.ZuborevDA.Sprint0.Task5.V0.Lib\Tyuiu.ZuborevDA.Sprint0.Task5.V0.Lib.csproj", "{55E4438C-2426-4C0A-8EBB-DC95E1788431}"
EndProject
Project("{FAE04EC0-301F-11D3-BF4B-00C04F79EFBC}") = "Tyuiu.ZuborevDA.Sprint0.Task5.V0.Test", "Tyuiu.ZuborevDA.Sprint0.Task5.V0.Test\Tyuiu.ZuborevDA.Sprint0.Task5.V0.Test.csproj", "{90C8F526-F292-4514-AC6B-3DCAA19175EC}"
EndProject
Project("{2150E333-8FDC-42A3-9474-1A3956D46DE8}") = "Task6", "Task6", "{299CE023-BD65-4535-A0D8-CDFA45BEE76E}"
EndProject
Project("{FAE04EC0-301F-11D3-BF4B-00C04F79EFBC}") = "Tyuiu.ZuborevDA.Sprint0.Task6.V0", "Tyuiu.ZuborevDA.Sprint0.Task6.V0\Tyuiu.ZuborevDA.Sprint0.Task6.V0.csproj", "{F9053179-9030-44C9-A03B-FF9B0C708F75}"
EndProject
Project("{FAE04EC0-301F-11D3-BF4B-00C04F79EFBC}") = "Tyuiu.ZuborevDA.Sprint0.Task6.V0.Lib", "Tyuiu.ZuborevDA.Sprint0.Task6.V0.Lib\Tyuiu.ZuborevDA.Sprint0.Task6.V0.Lib.csproj", "{ABADE649-DB1B-4014-8483-E9723FB03FF3}"
EndProject
Project("{FAE04EC0-301F-11D3-BF4B-00C04F79EFBC}") = "Tyuiu.ZuborevDA.Sprint0.Task6.V0.Test", "Tyuiu.ZuborevDA.Sprint0.Task6.V0.Test\Tyuiu.ZuborevDA.Sprint0.Task6.V0.Test.csproj", "{F1034C5C-6905-4388-B6FE-A8A4796FA7CA}"
EndProject
Global
	GlobalSection(SolutionConfigurationPlatforms) = preSolution
		Debug|Any CPU = Debug|Any CPU
		Release|Any CPU = Release|Any CPU
	EndGlobalSection
	GlobalSection(ProjectConfigurationPlatforms) = postSolution
		{A18F5795-900D-4594-99D6-B44894D2EE7B}.Debug|Any CPU.ActiveCfg = Debug|Any CPU
		{A18F5795-900D-4594-99D6-B44894D2EE7B}.Debug|Any CPU.Build.0 = Debug|Any CPU
		{A18F5795-900D-4594-99D6-B44894D2EE7B}.Release|Any CPU.ActiveCfg = Release|Any CPU
		{A18F5795-900D-4594-99D6-B44894D2EE7B}.Release|Any CPU.Build.0 = Release|Any CPU
		{1D867D6C-A4DF-4B03-B9A7-88D8677C68C9}.Debug|Any CPU.ActiveCfg = Debug|Any CPU
		{1D867D6C-A4DF-4B03-B9A7-88D8677C68C9}.Debug|Any CPU.Build.0 = Debug|Any CPU
		{1D867D6C-A4DF-4B03-B9A7-88D8677C68C9}.Release|Any CPU.ActiveCfg = Release|Any CPU
		{1D867D6C-A4DF-4B03-B9A7-88D8677C68C9}.Release|Any CPU.Build.0 = Release|Any CPU
		{83125638-F6A9-478B-ABA0-CFEDD8AEABE5}.Debug|Any CPU.ActiveCfg = Debug|Any CPU
		{83125638-F6A9-478B-ABA0-CFEDD8AEABE5}.Debug|Any CPU.Build.0 = Debug|Any CPU
		{83125638-F6A9-478B-ABA0-CFEDD8AEABE5}.Release|Any CPU.ActiveCfg = Release|Any CPU
		{83125638-F6A9-478B-ABA0-CFEDD8AEABE5}.Release|Any CPU.Build.0 = Release|Any CPU
		{D8B3F9A5-E5D2-4E38-8B7C-F42832D9489D}.Debug|Any CPU.ActiveCfg = Debug|Any CPU
		{D8B3F9A5-E5D2-4E38-8B7C-F42832D9489D}.Debug|Any CPU.Build.0 = Debug|Any CPU
		{D8B3F9A5-E5D2-4E38-8B7C-F42832D9489D}.Release|Any CPU.ActiveCfg = Release|Any CPU
		{D8B3F9A5-E5D2-4E38-8B7C-F42832D9489D}.Release|Any CPU.Build.0 = Release|Any CPU
		{4261F825-CE70-4EE3-8179-1DFBCA14EAF2}.Debug|Any CPU.ActiveCfg = Debug|Any CPU
		{4261F825-CE70-4EE3-8179-1DFBCA14EAF2}.Debug|Any CPU.Build.0 = Debug|Any CPU
		{4261F825-CE70-4EE3-8179-1DFBCA14EAF2}.Release|Any CPU.ActiveCfg = Release|Any CPU
		{4261F825-CE70-4EE3-8179-1DFBCA14EAF2}.Release|Any CPU.Build.0 = Release|Any CPU
		{1F9526E7-4548-42DE-875F-64E201DD383A}.Debug|Any CPU.ActiveCfg = Debug|Any CPU
		{1F9526E7-4548-42DE-875F-64E201DD383A}.Debug|Any CPU.Build.0 = Debug|Any CPU
		{1F9526E7-4548-42DE-875F-64E201DD383A}.Release|Any CPU.ActiveCfg = Release|Any CPU
		{1F9526E7-4548-42DE-875F-64E201DD383A}.Release|Any CPU.Build.0 = Release|Any CPU
		{80D170B3-4423-4390-BE49-83F0AD007C6F}.Debug|Any CPU.ActiveCfg = Debug|Any CPU
		{80D170B3-4423-4390-BE49-83F0AD007C6F}.Debug|Any CPU.Build.0 = Debug|Any CPU
		{80D170B3-4423-4390-BE49-83F0AD007C6F}.Release|Any CPU.ActiveCfg = Release|Any CPU
		{80D170B3-4423-4390-BE49-83F0AD007C6F}.Release|Any CPU.Build.0 = Release|Any CPU
		{57282C79-FC56-4383-86E5-9D7AA337E95D}.Debug|Any CPU.ActiveCfg = Debug|Any CPU
		{57282C79-FC56-4383-86E5-9D7AA337E95D}.Debug|Any CPU.Build.0 = Debug|Any CPU
		{57282C79-FC56-4383-86E5-9D7AA337E95D}.Release|Any CPU.ActiveCfg = Release|Any CPU
		{57282C79-FC56-4383-86E5-9D7AA337E95D}.Release|Any CPU.Build.0 = Release|Any CPU
		{C24802C2-BF0A-4676-A37C-6F235C940E17}.Debug|Any CPU.ActiveCfg = Debug|Any CPU
		{C24802C2-BF0A-4676-A37C-6F235C940E17}.Debug|Any CPU.Build.0 = Debug|Any CPU
		{C24802C2-BF0A-4676-A37C-6F235C940E17}.Release|Any CPU.ActiveCfg = Release|Any CPU
		{C24802C2-BF0A-4676-A37C-6F235C940E17}.Release|Any CPU.Build.0 = Release|Any CPU
		{DA02B94F-D259-4C70-8F7D-145A58285A78}.Debug|Any CPU.ActiveCfg = Debug|Any CPU
		{DA02B94F-D259-4C70-8F7D-145A58285A78}.Debug|Any CPU.Build.0 = Debug|Any CPU
		{DA02B94F-D259-4C70-8F7D-145A58285A78}.Release|Any CPU.ActiveCfg = Release|Any CPU
		{DA02B94F-D259-4C70-8F7D-145A58285A78}.Release|Any CPU.Build.0 = Release|Any CPU
		{BAC7DCB6-A445-4392-932B-5F30187F87F1}.Debug|Any CPU.ActiveCfg = Debug|Any CPU
		{BAC7DCB6-A445-4392-932B-5F30187F87F1}.Debug|Any CPU.Build.0 = Debug|Any CPU
		{BAC7DCB6-A445-4392-932B-5F30187F87F1}.Release|Any CPU.ActiveCfg = Release|Any CPU
		{BAC7DCB6-A445-4392-932B-5F30187F87F1}.Release|Any CPU.Build.0 = Release|Any CPU
		{0009547D-8102-4AA6-9BE7-B629AF737F23}.Debug|Any CPU.ActiveCfg = Debug|Any CPU
		{0009547D-8102-4AA6-9BE7-B629AF737F23}.Debug|Any CPU.Build.0 = Debug|Any CPU
		{0009547D-8102-4AA6-9BE7-B629AF737F23}.Release|Any CPU.ActiveCfg = Release|Any CPU
		{0009547D-8102-4AA6-9BE7-B629AF737F23}.Release|Any CPU.Build.0 = Release|Any CPU
		{55E4438C-2426-4C0A-8EBB-DC95E1788431}.Debug|Any CPU.ActiveCfg = Debug|Any CPU
		{55E4438C-2426-4C0A-8EBB-DC95E1788431}.Debug|Any CPU.Build.0 = Debug|Any CPU
		{55E4438C-2426-4C0A-8EBB-DC95E1788431}.Release|Any CPU.ActiveCfg = Release|Any CPU
		{55E4438C-2426-4C0A-8EBB-DC95E1788431}.Release|Any CPU.Build.0 = Release|Any CPU
		{90C8F526-F292-4514-AC6B-3DCAA19175EC}.Debug|Any CPU.ActiveCfg = Debug|Any CPU
		{90C8F526-F292-4514-AC6B-3DCAA19175EC}.Debug|Any CPU.Build.0 = Debug|Any CPU
		{90C8F526-F292-4514-AC6B-3DCAA19175EC}.Release|Any CPU.ActiveCfg = Release|Any CPU
		{90C8F526-F292-4514-AC6B-3DCAA19175EC}.Release|Any CPU.Build.0 = Release|Any CPU
		{F9053179-9030-44C9-A03B-FF9B0C708F75}.Debug|Any CPU.ActiveCfg = Debug|Any CPU
		{F9053179-9030-44C9-A03B-FF9B0C708F75}.Debug|Any CPU.Build.0 = Debug|Any CPU
		{F9053179-9030-44C9-A03B-FF9B0C708F75}.Release|Any CPU.ActiveCfg = Release|Any CPU
		{F9053179-9030-44C9-A03B-FF9B0C708F75}.Release|Any CPU.Build.0 = Release|Any CPU
		{ABADE649-DB1B-4014-8483-E9723FB03FF3}.Debug|Any CPU.ActiveCfg = Debug|Any CPU
		{ABADE649-DB1B-4014-8483-E9723FB03FF3}.Debug|Any CPU.Build.0 = Debug|Any CPU
		{ABADE649-DB1B-4014-8483-E9723FB03FF3}.Release|Any CPU.ActiveCfg = Release|Any CPU
		{ABADE649-DB1B-4014-8483-E9723FB03FF3}.Release|Any CPU.Build.0 = Release|Any CPU
		{F1034C5C-6905-4388-B6FE-A8A4796FA7CA}.Debug|Any CPU.ActiveCfg = Debug|Any CPU
		{F1034C5C-6905-4388-B6FE-A8A4796FA7CA}.Debug|Any CPU.Build.0 = Debug|Any CPU
		{F1034C5C-6905-4388-B6FE-A8A4796FA7CA}.Release|Any CPU.ActiveCfg = Release|Any CPU
		{F1034C5C-6905-4388-B6FE-A8A4796FA7CA}.Release|Any CPU.Build.0 = Release|Any CPU
	EndGlobalSection
	GlobalSection(SolutionProperties) = preSolution
		HideSolutionNode = FALSE
	EndGlobalSection
	GlobalSection(NestedProjects) = preSolution
		{A18F5795-900D-4594-99D6-B44894D2EE7B} = {4F80153B-BAAD-4259-90CC-884D2F002217}
		{1D867D6C-A4DF-4B03-B9A7-88D8677C68C9} = {789CF79F-2164-4E41-A81B-9B39BDB7E56E}
		{83125638-F6A9-478B-ABA0-CFEDD8AEABE5} = {8E7ACDD5-552B-48B3-8029-CEE6A27148A9}
		{D8B3F9A5-E5D2-4E38-8B7C-F42832D9489D} = {8E7ACDD5-552B-48B3-8029-CEE6A27148A9}
		{4261F825-CE70-4EE3-8179-1DFBCA14EAF2} = {8E7ACDD5-552B-48B3-8029-CEE6A27148A9}
		{1F9526E7-4548-42DE-875F-64E201DD383A} = {A97BDC3D-6921-4A7E-8305-0025AE2B1665}
		{80D170B3-4423-4390-BE49-83F0AD007C6F} = {A97BDC3D-6921-4A7E-8305-0025AE2B1665}
		{57282C79-FC56-4383-86E5-9D7AA337E95D} = {A97BDC3D-6921-4A7E-8305-0025AE2B1665}
		{C24802C2-BF0A-4676-A37C-6F235C940E17} = {3B0AFD3D-FE6B-42AF-9925-85917F975BED}
		{DA02B94F-D259-4C70-8F7D-145A58285A78} = {3B0AFD3D-FE6B-42AF-9925-85917F975BED}
		{BAC7DCB6-A445-4392-932B-5F30187F87F1} = {3B0AFD3D-FE6B-42AF-9925-85917F975BED}
		{0009547D-8102-4AA6-9BE7-B629AF737F23} = {A958C53F-C4A0-4240-94F4-A7BAF3A780C2}
		{55E4438C-2426-4C0A-8EBB-DC95E1788431} = {A958C53F-C4A0-4240-94F4-A7BAF3A780C2}
		{90C8F526-F292-4514-AC6B-3DCAA19175EC} = {A958C53F-C4A0-4240-94F4-A7BAF3A780C2}
		{F9053179-9030-44C9-A03B-FF9B0C708F75} = {299CE023-BD65-4535-A0D8-CDFA45BEE76E}
		{ABADE649-DB1B-4014-8483-E9723FB03FF3} = {299CE023-BD65-4535-A0D8-CDFA45BEE76E}
		{F1034C5C-6905-4388-B6FE-A8A4796FA7CA} = {299CE023-BD65-4535-A0D8-CDFA45BEE76E}
	EndGlobalSection
	GlobalSection(ExtensibilityGlobals) = postSolution
		SolutionGuid = {63B958F3-12FD-43D2-87B9-A4E24F22A5AE}
	EndGlobalSection
EndGlobal
